// !$*UTF8*$!
{
	archiveVersion = 1;
	classes = {
	};
	objectVersion = 51;
	objects = {

/* Begin PBXBuildFile section */
		874A99E834D8E113EF2EA07B /* Pods_Flix_App.framework in Frameworks */ = {isa = PBXBuildFile; fileRef = B763266CB89D72D25F2A758B /* Pods_Flix_App.framework */; };
		E91990EC24FEF3160098A25A /* AppDelegate.swift in Sources */ = {isa = PBXBuildFile; fileRef = E91990EB24FEF3160098A25A /* AppDelegate.swift */; };
		E91990EE24FEF3160098A25A /* SceneDelegate.swift in Sources */ = {isa = PBXBuildFile; fileRef = E91990ED24FEF3160098A25A /* SceneDelegate.swift */; };
		E91990F324FEF3160098A25A /* Main.storyboard in Resources */ = {isa = PBXBuildFile; fileRef = E91990F124FEF3160098A25A /* Main.storyboard */; };
		E91990F524FEF31C0098A25A /* Assets.xcassets in Resources */ = {isa = PBXBuildFile; fileRef = E91990F424FEF31C0098A25A /* Assets.xcassets */; };
		E91990F824FEF31C0098A25A /* LaunchScreen.storyboard in Resources */ = {isa = PBXBuildFile; fileRef = E91990F624FEF31C0098A25A /* LaunchScreen.storyboard */; };
		E919910024FEF6FE0098A25A /* Movies_View_Controller.swift in Sources */ = {isa = PBXBuildFile; fileRef = E91990FF24FEF6FE0098A25A /* Movies_View_Controller.swift */; };
		E94996FC250FECA10035CA2E /* Movie_Details_ViewController.swift in Sources */ = {isa = PBXBuildFile; fileRef = E94996FB250FECA10035CA2E /* Movie_Details_ViewController.swift */; };
		E988846C25105403008D5511 /* Movie_Grid_ViewController.swift in Sources */ = {isa = PBXBuildFile; fileRef = E988846B25105403008D5511 /* Movie_Grid_ViewController.swift */; };
		E988846E251058F9008D5511 /* Movie_Grid_Cell.swift in Sources */ = {isa = PBXBuildFile; fileRef = E988846D251058F9008D5511 /* Movie_Grid_Cell.swift */; };
		E9C502C0250144C50023FB2C /* Movie_Cell.swift in Sources */ = {isa = PBXBuildFile; fileRef = E9C502BF250144C50023FB2C /* Movie_Cell.swift */; };
/* End PBXBuildFile section */

/* Begin PBXFileReference section */
		1143DD8E15B9BA98643A8771 /* Pods-Flix App.debug.xcconfig */ = {isa = PBXFileReference; includeInIndex = 1; lastKnownFileType = text.xcconfig; name = "Pods-Flix App.debug.xcconfig"; path = "Target Support Files/Pods-Flix App/Pods-Flix App.debug.xcconfig"; sourceTree = "<group>"; };
		A974837B70EBB4FA200F6D69 /* Pods-Flix App.release.xcconfig */ = {isa = PBXFileReference; includeInIndex = 1; lastKnownFileType = text.xcconfig; name = "Pods-Flix App.release.xcconfig"; path = "Target Support Files/Pods-Flix App/Pods-Flix App.release.xcconfig"; sourceTree = "<group>"; };
		B763266CB89D72D25F2A758B /* Pods_Flix_App.framework */ = {isa = PBXFileReference; explicitFileType = wrapper.framework; includeInIndex = 0; path = Pods_Flix_App.framework; sourceTree = BUILT_PRODUCTS_DIR; };
		E91990E824FEF3160098A25A /* Flix App.app */ = {isa = PBXFileReference; explicitFileType = wrapper.application; includeInIndex = 0; path = "Flix App.app"; sourceTree = BUILT_PRODUCTS_DIR; };
		E91990EB24FEF3160098A25A /* AppDelegate.swift */ = {isa = PBXFileReference; lastKnownFileType = sourcecode.swift; path = AppDelegate.swift; sourceTree = "<group>"; };
		E91990ED24FEF3160098A25A /* SceneDelegate.swift */ = {isa = PBXFileReference; lastKnownFileType = sourcecode.swift; path = SceneDelegate.swift; sourceTree = "<group>"; };
		E91990F224FEF3160098A25A /* Base */ = {isa = PBXFileReference; lastKnownFileType = file.storyboard; name = Base; path = Base.lproj/Main.storyboard; sourceTree = "<group>"; };
		E91990F424FEF31C0098A25A /* Assets.xcassets */ = {isa = PBXFileReference; lastKnownFileType = folder.assetcatalog; path = Assets.xcassets; sourceTree = "<group>"; };
		E91990F724FEF31C0098A25A /* Base */ = {isa = PBXFileReference; lastKnownFileType = file.storyboard; name = Base; path = Base.lproj/LaunchScreen.storyboard; sourceTree = "<group>"; };
		E91990F924FEF31C0098A25A /* Info.plist */ = {isa = PBXFileReference; lastKnownFileType = text.plist.xml; path = Info.plist; sourceTree = "<group>"; };
		E91990FF24FEF6FE0098A25A /* Movies_View_Controller.swift */ = {isa = PBXFileReference; lastKnownFileType = sourcecode.swift; path = Movies_View_Controller.swift; sourceTree = "<group>"; };
		E94996FB250FECA10035CA2E /* Movie_Details_ViewController.swift */ = {isa = PBXFileReference; lastKnownFileType = sourcecode.swift; path = Movie_Details_ViewController.swift; sourceTree = "<group>"; };
		E988846B25105403008D5511 /* Movie_Grid_ViewController.swift */ = {isa = PBXFileReference; lastKnownFileType = sourcecode.swift; path = Movie_Grid_ViewController.swift; sourceTree = "<group>"; };
		E988846D251058F9008D5511 /* Movie_Grid_Cell.swift */ = {isa = PBXFileReference; lastKnownFileType = sourcecode.swift; path = Movie_Grid_Cell.swift; sourceTree = "<group>"; };
		E9C502BF250144C50023FB2C /* Movie_Cell.swift */ = {isa = PBXFileReference; lastKnownFileType = sourcecode.swift; path = Movie_Cell.swift; sourceTree = "<group>"; };
/* End PBXFileReference section */

/* Begin PBXFrameworksBuildPhase section */
		E91990E524FEF3160098A25A /* Frameworks */ = {
			isa = PBXFrameworksBuildPhase;
			buildActionMask = 2147483647;
			files = (
				874A99E834D8E113EF2EA07B /* Pods_Flix_App.framework in Frameworks */,
			);
			runOnlyForDeploymentPostprocessing = 0;
		};
/* End PBXFrameworksBuildPhase section */

/* Begin PBXGroup section */
		308F4E900851D859178F41D5 /* Frameworks */ = {
			isa = PBXGroup;
			children = (
				B763266CB89D72D25F2A758B /* Pods_Flix_App.framework */,
			);
			name = Frameworks;
			sourceTree = "<group>";
		};
		5DCB5FE0D17FD944B2D470AF /* Pods */ = {
			isa = PBXGroup;
			children = (
				1143DD8E15B9BA98643A8771 /* Pods-Flix App.debug.xcconfig */,
				A974837B70EBB4FA200F6D69 /* Pods-Flix App.release.xcconfig */,
			);
			path = Pods;
			sourceTree = "<group>";
		};
		E91990DF24FEF3150098A25A = {
			isa = PBXGroup;
			children = (
				E91990EA24FEF3160098A25A /* Flix App */,
				E91990E924FEF3160098A25A /* Products */,
				5DCB5FE0D17FD944B2D470AF /* Pods */,
				308F4E900851D859178F41D5 /* Frameworks */,
			);
			sourceTree = "<group>";
		};
		E91990E924FEF3160098A25A /* Products */ = {
			isa = PBXGroup;
			children = (
				E91990E824FEF3160098A25A /* Flix App.app */,
			);
			name = Products;
			sourceTree = "<group>";
		};
		E91990EA24FEF3160098A25A /* Flix App */ = {
			isa = PBXGroup;
			children = (
				E91990EB24FEF3160098A25A /* AppDelegate.swift */,
				E91990ED24FEF3160098A25A /* SceneDelegate.swift */,
				E91990F124FEF3160098A25A /* Main.storyboard */,
				E91990FF24FEF6FE0098A25A /* Movies_View_Controller.swift */,
				E9C502BF250144C50023FB2C /* Movie_Cell.swift */,
				E94996FB250FECA10035CA2E /* Movie_Details_ViewController.swift */,
				E988846B25105403008D5511 /* Movie_Grid_ViewController.swift */,
				E988846D251058F9008D5511 /* Movie_Grid_Cell.swift */,
				E91990F424FEF31C0098A25A /* Assets.xcassets */,
				E91990F624FEF31C0098A25A /* LaunchScreen.storyboard */,
				E91990F924FEF31C0098A25A /* Info.plist */,
			);
			path = "Flix App";
			sourceTree = "<group>";
		};
/* End PBXGroup section */

/* Begin PBXNativeTarget section */
		E91990E724FEF3160098A25A /* Flix App */ = {
			isa = PBXNativeTarget;
			buildConfigurationList = E91990FC24FEF31C0098A25A /* Build configuration list for PBXNativeTarget "Flix App" */;
			buildPhases = (
				442310D8C31D9D0D76311AFD /* [CP] Check Pods Manifest.lock */,
				E91990E424FEF3160098A25A /* Sources */,
				E91990E524FEF3160098A25A /* Frameworks */,
				E91990E624FEF3160098A25A /* Resources */,
				10320957666A86513CB63524 /* [CP] Embed Pods Frameworks */,
			);
			buildRules = (
			);
			dependencies = (
			);
			name = "Flix App";
			productName = "Flix App";
			productReference = E91990E824FEF3160098A25A /* Flix App.app */;
			productType = "com.apple.product-type.application";
		};
/* End PBXNativeTarget section */

/* Begin PBXProject section */
		E91990E024FEF3160098A25A /* Project object */ = {
			isa = PBXProject;
			attributes = {
				LastSwiftUpdateCheck = 1160;
				LastUpgradeCheck = 1160;
				ORGANIZATIONNAME = "Eduardo Antonini";
				TargetAttributes = {
					E91990E724FEF3160098A25A = {
						CreatedOnToolsVersion = 11.6;
					};
				};
			};
			buildConfigurationList = E91990E324FEF3160098A25A /* Build configuration list for PBXProject "Flix App" */;
			compatibilityVersion = "Xcode 9.3";
			developmentRegion = en;
			hasScannedForEncodings = 0;
			knownRegions = (
				en,
				Base,
			);
			mainGroup = E91990DF24FEF3150098A25A;
			productRefGroup = E91990E924FEF3160098A25A /* Products */;
			projectDirPath = "";
			projectRoot = "";
			targets = (
				E91990E724FEF3160098A25A /* Flix App */,
			);
		};
/* End PBXProject section */

/* Begin PBXResourcesBuildPhase section */
		E91990E624FEF3160098A25A /* Resources */ = {
			isa = PBXResourcesBuildPhase;
			buildActionMask = 2147483647;
			files = (
				E91990F824FEF31C0098A25A /* LaunchScreen.storyboard in Resources */,
				E91990F524FEF31C0098A25A /* Assets.xcassets in Resources */,
				E91990F324FEF3160098A25A /* Main.storyboard in Resources */,
			);
			runOnlyForDeploymentPostprocessing = 0;
		};
/* End PBXResourcesBuildPhase section */

/* Begin PBXShellScriptBuildPhase section */
		10320957666A86513CB63524 /* [CP] Embed Pods Frameworks */ = {
			isa = PBXShellScriptBuildPhase;
			buildActionMask = 2147483647;
			files = (
			);
			inputFileListPaths = (
				"${PODS_ROOT}/Target Support Files/Pods-Flix App/Pods-Flix App-frameworks-${CONFIGURATION}-input-files.xcfilelist",
			);
			name = "[CP] Embed Pods Frameworks";
			outputFileListPaths = (
				"${PODS_ROOT}/Target Support Files/Pods-Flix App/Pods-Flix App-frameworks-${CONFIGURATION}-output-files.xcfilelist",
			);
			runOnlyForDeploymentPostprocessing = 0;
			shellPath = /bin/sh;
			shellScript = "\"${PODS_ROOT}/Target Support Files/Pods-Flix App/Pods-Flix App-frameworks.sh\"\n";
			showEnvVarsInLog = 0;
		};
		442310D8C31D9D0D76311AFD /* [CP] Check Pods Manifest.lock */ = {
			isa = PBXShellScriptBuildPhase;
			buildActionMask = 2147483647;
			files = (
			);
			inputFileListPaths = (
			);
			inputPaths = (
				"${PODS_PODFILE_DIR_PATH}/Podfile.lock",
				"${PODS_ROOT}/Manifest.lock",
			);
			name = "[CP] Check Pods Manifest.lock";
			outputFileListPaths = (
			);
			outputPaths = (
				"$(DERIVED_FILE_DIR)/Pods-Flix App-checkManifestLockResult.txt",
			);
			runOnlyForDeploymentPostprocessing = 0;
			shellPath = /bin/sh;
			shellScript = "diff \"${PODS_PODFILE_DIR_PATH}/Podfile.lock\" \"${PODS_ROOT}/Manifest.lock\" > /dev/null\nif [ $? != 0 ] ; then\n    # print error to STDERR\n    echo \"error: The sandbox is not in sync with the Podfile.lock. Run 'pod install' or update your CocoaPods installation.\" >&2\n    exit 1\nfi\n# This output is used by Xcode 'outputs' to avoid re-running this script phase.\necho \"SUCCESS\" > \"${SCRIPT_OUTPUT_FILE_0}\"\n";
			showEnvVarsInLog = 0;
		};
/* End PBXShellScriptBuildPhase section */

/* Begin PBXSourcesBuildPhase section */
		E91990E424FEF3160098A25A /* Sources */ = {
			isa = PBXSourcesBuildPhase;
			buildActionMask = 2147483647;
			files = (
				E91990EC24FEF3160098A25A /* AppDelegate.swift in Sources */,
				E988846C25105403008D5511 /* Movie_Grid_ViewController.swift in Sources */,
				E91990EE24FEF3160098A25A /* SceneDelegate.swift in Sources */,
				E9C502C0250144C50023FB2C /* Movie_Cell.swift in Sources */,
				E988846E251058F9008D5511 /* Movie_Grid_Cell.swift in Sources */,
				E919910024FEF6FE0098A25A /* Movies_View_Controller.swift in Sources */,
				E94996FC250FECA10035CA2E /* Movie_Details_ViewController.swift in Sources */,
			);
			runOnlyForDeploymentPostprocessing = 0;
		};
/* End PBXSourcesBuildPhase section */

/* Begin PBXVariantGroup section */
		E91990F124FEF3160098A25A /* Main.storyboard */ = {
			isa = PBXVariantGroup;
			children = (
				E91990F224FEF3160098A25A /* Base */,
			);
			name = Main.storyboard;
			sourceTree = "<group>";
		};
		E91990F624FEF31C0098A25A /* LaunchScreen.storyboard */ = {
			isa = PBXVariantGroup;
			children = (
				E91990F724FEF31C0098A25A /* Base */,
			);
			name = LaunchScreen.storyboard;
			sourceTree = "<group>";
		};
/* End PBXVariantGroup section */

/* Begin XCBuildConfiguration section */
		E91990FA24FEF31C0098A25A /* Debug */ = {
			isa = XCBuildConfiguration;
			buildSettings = {
				ALWAYS_SEARCH_USER_PATHS = NO;
				CLANG_ANALYZER_NONNULL = YES;
				CLANG_ANALYZER_NUMBER_OBJECT_CONVERSION = YES_AGGRESSIVE;
				CLANG_CXX_LANGUAGE_STANDARD = "gnu++14";
				CLANG_CXX_LIBRARY = "libc++";
				CLANG_ENABLE_MODULES = YES;
				CLANG_ENABLE_OBJC_ARC = YES;
				CLANG_ENABLE_OBJC_WEAK = YES;
				CLANG_WARN_BLOCK_CAPTURE_AUTORELEASING = YES;
				CLANG_WARN_BOOL_CONVERSION = YES;
				CLANG_WARN_COMMA = YES;
				CLANG_WARN_CONSTANT_CONVERSION = YES;
				CLANG_WARN_DEPRECATED_OBJC_IMPLEMENTATIONS = YES;
				CLANG_WARN_DIRECT_OBJC_ISA_USAGE = YES_ERROR;
				CLANG_WARN_DOCUMENTATION_COMMENTS = YES;
				CLANG_WARN_EMPTY_BODY = YES;
				CLANG_WARN_ENUM_CONVERSION = YES;
				CLANG_WARN_INFINITE_RECURSION = YES;
				CLANG_WARN_INT_CONVERSION = YES;
				CLANG_WARN_NON_LITERAL_NULL_CONVERSION = YES;
				CLANG_WARN_OBJC_IMPLICIT_RETAIN_SELF = YES;
				CLANG_WARN_OBJC_LITERAL_CONVERSION = YES;
				CLANG_WARN_OBJC_ROOT_CLASS = YES_ERROR;
				CLANG_WARN_RANGE_LOOP_ANALYSIS = YES;
				CLANG_WARN_STRICT_PROTOTYPES = YES;
				CLANG_WARN_SUSPICIOUS_MOVE = YES;
				CLANG_WARN_UNGUARDED_AVAILABILITY = YES_AGGRESSIVE;
				CLANG_WARN_UNREACHABLE_CODE = YES;
				CLANG_WARN__DUPLICATE_METHOD_MATCH = YES;
				COPY_PHASE_STRIP = NO;
				DEBUG_INFORMATION_FORMAT = dwarf;
				ENABLE_STRICT_OBJC_MSGSEND = YES;
				ENABLE_TESTABILITY = YES;
				GCC_C_LANGUAGE_STANDARD = gnu11;
				GCC_DYNAMIC_NO_PIC = NO;
				GCC_NO_COMMON_BLOCKS = YES;
				GCC_OPTIMIZATION_LEVEL = 0;
				GCC_PREPROCESSOR_DEFINITIONS = (
					"DEBUG=1",
					"$(inherited)",
				);
				GCC_WARN_64_TO_32_BIT_CONVERSION = YES;
				GCC_WARN_ABOUT_RETURN_TYPE = YES_ERROR;
				GCC_WARN_UNDECLARED_SELECTOR = YES;
				GCC_WARN_UNINITIALIZED_AUTOS = YES_AGGRESSIVE;
				GCC_WARN_UNUSED_FUNCTION = YES;
				GCC_WARN_UNUSED_VARIABLE = YES;
				IPHONEOS_DEPLOYMENT_TARGET = 13.6;
				MTL_ENABLE_DEBUG_INFO = INCLUDE_SOURCE;
				MTL_FAST_MATH = YES;
				ONLY_ACTIVE_ARCH = YES;
				SDKROOT = iphoneos;
				SWIFT_ACTIVE_COMPILATION_CONDITIONS = DEBUG;
				SWIFT_OPTIMIZATION_LEVEL = "-Onone";
			};
			name = Debug;
		};
		E91990FB24FEF31C0098A25A /* Release */ = {
			isa = XCBuildConfiguration;
			buildSettings = {
				ALWAYS_SEARCH_USER_PATHS = NO;
				CLANG_ANALYZER_NONNULL = YES;
				CLANG_ANALYZER_NUMBER_OBJECT_CONVERSION = YES_AGGRESSIVE;
				CLANG_CXX_LANGUAGE_STANDARD = "gnu++14";
				CLANG_CXX_LIBRARY = "libc++";
				CLANG_ENABLE_MODULES = YES;
				CLANG_ENABLE_OBJC_ARC = YES;
				CLANG_ENABLE_OBJC_WEAK = YES;
				CLANG_WARN_BLOCK_CAPTURE_AUTORELEASING = YES;
				CLANG_WARN_BOOL_CONVERSION = YES;
				CLANG_WARN_COMMA = YES;
				CLANG_WARN_CONSTANT_CONVERSION = YES;
				CLANG_WARN_DEPRECATED_OBJC_IMPLEMENTATIONS = YES;
				CLANG_WARN_DIRECT_OBJC_ISA_USAGE = YES_ERROR;
				CLANG_WARN_DOCUMENTATION_COMMENTS = YES;
				CLANG_WARN_EMPTY_BODY = YES;
				CLANG_WARN_ENUM_CONVERSION = YES;
				CLANG_WARN_INFINITE_RECURSION = YES;
				CLANG_WARN_INT_CONVERSION = YES;
				CLANG_WARN_NON_LITERAL_NULL_CONVERSION = YES;
				CLANG_WARN_OBJC_IMPLICIT_RETAIN_SELF = YES;
				CLANG_WARN_OBJC_LITERAL_CONVERSION = YES;
				CLANG_WARN_OBJC_ROOT_CLASS = YES_ERROR;
				CLANG_WARN_RANGE_LOOP_ANALYSIS = YES;
				CLANG_WARN_STRICT_PROTOTYPES = YES;
				CLANG_WARN_SUSPICIOUS_MOVE = YES;
				CLANG_WARN_UNGUARDED_AVAILABILITY = YES_AGGRESSIVE;
				CLANG_WARN_UNREACHABLE_CODE = YES;
				CLANG_WARN__DUPLICATE_METHOD_MATCH = YES;
				COPY_PHASE_STRIP = NO;
				DEBUG_INFORMATION_FORMAT = "dwarf-with-dsym";
				ENABLE_NS_ASSERTIONS = NO;
				ENABLE_STRICT_OBJC_MSGSEND = YES;
				GCC_C_LANGUAGE_STANDARD = gnu11;
				GCC_NO_COMMON_BLOCKS = YES;
				GCC_WARN_64_TO_32_BIT_CONVERSION = YES;
				GCC_WARN_ABOUT_RETURN_TYPE = YES_ERROR;
				GCC_WARN_UNDECLARED_SELECTOR = YES;
				GCC_WARN_UNINITIALIZED_AUTOS = YES_AGGRESSIVE;
				GCC_WARN_UNUSED_FUNCTION = YES;
				GCC_WARN_UNUSED_VARIABLE = YES;
				IPHONEOS_DEPLOYMENT_TARGET = 13.6;
				MTL_ENABLE_DEBUG_INFO = NO;
				MTL_FAST_MATH = YES;
				SDKROOT = iphoneos;
				SWIFT_COMPILATION_MODE = wholemodule;
				SWIFT_OPTIMIZATION_LEVEL = "-O";
				VALIDATE_PRODUCT = YES;
			};
			name = Release;
		};
		E91990FD24FEF31C0098A25A /* Debug */ = {
			isa = XCBuildConfiguration;
			baseConfigurationReference = 1143DD8E15B9BA98643A8771 /* Pods-Flix App.debug.xcconfig */;
			buildSettings = {
				ASSETCATALOG_COMPILER_APPICON_NAME = AppIcon;
				CODE_SIGN_STYLE = Automatic;
				DEVELOPMENT_TEAM = BSW97A44KX;
				INFOPLIST_FILE = "Flix App/Info.plist";
				LD_RUNPATH_SEARCH_PATHS = (
					"$(inherited)",
					"@executable_path/Frameworks",
				);
				PRODUCT_BUNDLE_IDENTIFIER = "FlixApp.Flix-App";
				PRODUCT_NAME = "$(TARGET_NAME)";
				SWIFT_VERSION = 5.0;
				TARGETED_DEVICE_FAMILY = "1,2";
			};
			name = Debug;
		};
		E91990FE24FEF31C0098A25A /* Release */ = {
			isa = XCBuildConfiguration;
			baseConfigurationReference = A974837B70EBB4FA200F6D69 /* Pods-Flix App.release.xcconfig */;
			buildSettings = {
				ASSETCATALOG_COMPILER_APPICON_NAME = AppIcon;
				CODE_SIGN_STYLE = Automatic;
				DEVELOPMENT_TEAM = BSW97A44KX;
				INFOPLIST_FILE = "Flix App/Info.plist";
				LD_RUNPATH_SEARCH_PATHS = (
					"$(inherited)",
					"@executable_path/Frameworks",
				);
				PRODUCT_BUNDLE_IDENTIFIER = "FlixApp.Flix-App";
				PRODUCT_NAME = "$(TARGET_NAME)";
				SWIFT_VERSION = 5.0;
				TARGETED_DEVICE_FAMILY = "1,2";
			};
			name = Release;
		};
/* End XCBuildConfiguration section */

/* Begin XCConfigurationList section */
		E91990E324FEF3160098A25A /* Build configuration list for PBXProject "Flix App" */ = {
			isa = XCConfigurationList;
			buildConfigurations = (
				E91990FA24FEF31C0098A25A /* Debug */,
				E91990FB24FEF31C0098A25A /* Release */,
			);
			defaultConfigurationIsVisible = 0;
			defaultConfigurationName = Release;
		};
		E91990FC24FEF31C0098A25A /* Build configuration list for PBXNativeTarget "Flix App" */ = {
			isa = XCConfigurationList;
			buildConfigurations = (
				E91990FD24FEF31C0098A25A /* Debug */,
				E91990FE24FEF31C0098A25A /* Release */,
			);
			defaultConfigurationIsVisible = 0;
			defaultConfigurationName = Release;
		};
/* End XCConfigurationList section */
	};
	rootObject = E91990E024FEF3160098A25A /* Project object */;
}
